
Microsoft Visual Studio Solution File, Format Version 12.00
# Visual Studio Version 17
VisualStudioVersion = 17.1.32210.238
MinimumVisualStudioVersion = 10.0.40219.1
Project("{FAE04EC0-301F-11D3-BF4B-00C04F79EFBC}") = "figur", "figur\figur.csproj", "{0D434E4D-F7A5-42F4-AAC6-766F1355121B}"
EndProject
Global
	GlobalSection(SolutionConfigurationPlatforms) = preSolution
		Debug|Any CPU = Debug|Any CPU
		Release|Any CPU = Release|Any CPU
	EndGlobalSection
	GlobalSection(ProjectConfigurationPlatforms) = postSolution
		{0D434E4D-F7A5-42F4-AAC6-766F1355121B}.Debug|Any CPU.ActiveCfg = Debug|Any CPU
		{0D434E4D-F7A5-42F4-AAC6-766F1355121B}.Debug|Any CPU.Build.0 = Debug|Any CPU
		{0D434E4D-F7A5-42F4-AAC6-766F1355121B}.Release|Any CPU.ActiveCfg = Release|Any CPU
		{0D434E4D-F7A5-42F4-AAC6-766F1355121B}.Release|Any CPU.Build.0 = Release|Any CPU
	EndGlobalSection
	GlobalSection(SolutionProperties) = preSolution
		HideSolutionNode = FALSE
	EndGlobalSection
	GlobalSection(ExtensibilityGlobals) = postSolution
		SolutionGuid = {441B0221-D80E-4752-AC94-0DBED4EBA471}
	EndGlobalSection
EndGlobal
